{
  "version": "4",
  "specifiers": {
    "jsr:@hono/hono@^4.7.4": "4.7.4",
    "jsr:@std/assert@1": "1.0.11",
    "jsr:@std/internal@^1.0.5": "1.0.5"
  },
  "jsr": {
    "@hono/hono@4.7.4": {
      "integrity": "c03c9cbe0fbfc4e51f3fee6502a7903aa4f9ef7c2c98635607b15eee14258825"
    },
    "@std/assert@1.0.11": {
      "integrity": "2461ef3c368fe88bc60e186e7744a93112f16fd110022e113a0849e94d1c83c1",
      "dependencies": [
        "jsr:@std/internal"
      ]
    },
    "@std/internal@1.0.5": {
      "integrity": "54a546004f769c1ac9e025abd15a76b6671ddc9687e2313b67376125650dc7ba"
    }
  },
  "workspace": {
    "dependencies": [
      "jsr:@hono/hono@^4.7.4",
      "jsr:@std/assert@1"
    ]
  }
}
